
Microsoft Visual Studio Solution File, Format Version 12.00
# Visual Studio Version 17
VisualStudioVersion = 17.9.34714.143
MinimumVisualStudioVersion = 10.0.40219.1
Project("{F184B08F-C81C-45F6-A57F-5ABD9991F28F}") = "Lastikcim", "Lastikcim\Lastikcim.vbproj", "{C881BC6B-18F5-46BD-9116-AFD8BB340F69}"
EndProject
Global
	GlobalSection(SolutionConfigurationPlatforms) = preSolution
		Debug|Any CPU = Debug|Any CPU
		Release|Any CPU = Release|Any CPU
	EndGlobalSection
	GlobalSection(ProjectConfigurationPlatforms) = postSolution
		{C881BC6B-18F5-46BD-9116-AFD8BB340F69}.Debug|Any CPU.ActiveCfg = Debug|Any CPU
		{C881BC6B-18F5-46BD-9116-AFD8BB340F69}.Debug|Any CPU.Build.0 = Debug|Any CPU
		{C881BC6B-18F5-46BD-9116-AFD8BB340F69}.Release|Any CPU.ActiveCfg = Release|Any CPU
		{C881BC6B-18F5-46BD-9116-AFD8BB340F69}.Release|Any CPU.Build.0 = Release|Any CPU
	EndGlobalSection
	GlobalSection(SolutionProperties) = preSolution
		HideSolutionNode = FALSE
	EndGlobalSection
	GlobalSection(ExtensibilityGlobals) = postSolution
		SolutionGuid = {B8E49A7F-035C-4BA3-9C2F-E9C6FAFE764D}
	EndGlobalSection
EndGlobal
